{
  "name": "uppy-multipart",
  "version": "1.0.0",
  "lockfileVersion": 1,
  "requires": true,
  "dependencies": {
    "@transloadit/prettier-bytes": {
      "version": "0.0.7",
      "resolved": "https://registry.npmjs.org/@transloadit/prettier-bytes/-/prettier-bytes-0.0.7.tgz",
      "integrity": "sha512-VeJbUb0wEKbcwaSlj5n+LscBl9IPgLPkHVGBkh00cztv6X4L/TJXK58LzFuBKX7/GAfiGhIwH67YTLTlzvIzBA=="
    },
    "@uppy/aws-s3": {
      "version": "1.6.6",
      "resolved": "https://registry.npmjs.org/@uppy/aws-s3/-/aws-s3-1.6.6.tgz",
      "integrity": "sha512-4OGYzCdmRuEmv6YWdijteYaDzxPuR/9VVR5UMpVLAColiFO2OQuhtoBtL/T1UX+jGalDvmFwfGwwv2J1EGc8NQ==",
      "requires": {
        "@uppy/companion-client": "^1.5.0",
        "@uppy/utils": "^3.1.0",
        "@uppy/xhr-upload": "^1.6.0",
        "cuid": "^2.1.1",
        "qs-stringify": "^1.1.0",
        "url-parse": "^1.4.7"
      }
    },
    "@uppy/aws-s3-multipart": {
      "version": "1.7.1",
      "resolved": "https://registry.npmjs.org/@uppy/aws-s3-multipart/-/aws-s3-multipart-1.7.1.tgz",
      "integrity": "sha512-T1NLqkHeaYmumZXa9pILRrDY+C/RAAwR+EFXnWs/Jzw5zIf7HvAJ30BlgQU6OaVSK2YL6UDHYXwyHJTkOv1VDw==",
      "requires": {
        "@uppy/companion-client": "^1.5.0",
        "@uppy/utils": "^3.1.0"
      }
    },
    "@uppy/companion-client": {
      "version": "1.5.0",
      "resolved": "https://registry.npmjs.org/@uppy/companion-client/-/companion-client-1.5.0.tgz",
      "integrity": "sha512-/YPSdjiknRAn4+qzwfSecugqqX0SQGEnAuDpnf6JWN0Im+5YHVkKT/D4UT6OWTjYa+qwN6vhbdk7qxfY3jqFlg==",
      "requires": {
        "@uppy/utils": "^3.1.0",
        "namespace-emitter": "^2.0.1"
      }
    },
    "@uppy/core": {
      "version": "1.11.0",
      "resolved": "https://registry.npmjs.org/@uppy/core/-/core-1.11.0.tgz",
      "integrity": "sha512-m65bX2M7iYBMEp3QYCetYVVOS1XpTg2CSW+9gF84kf9MKyHuIYmMNDPZ0Z6L7TfbtM+9e6kBZvzqeRlkLUhhYw==",
      "requires": {
        "@transloadit/prettier-bytes": "0.0.7",
        "@uppy/store-default": "^1.2.1",
        "@uppy/utils": "^3.1.0",
        "cuid": "^2.1.1",
        "lodash.throttle": "^4.1.1",
        "mime-match": "^1.0.2",
        "namespace-emitter": "^2.0.1",
        "preact": "8.2.9"
      }
    },
    "@uppy/dashboard": {
      "version": "1.10.1",
      "resolved": "https://registry.npmjs.org/@uppy/dashboard/-/dashboard-1.10.1.tgz",
      "integrity": "sha512-OpgXONw+H9gYOLRJn0UqXuU2IwSyNboCk4TxP9ETk0b8+I3D2FTqQBwl16jrfxocPXqvtKQJsofvGiWKaW9HcQ==",
      "requires": {
        "@transloadit/prettier-bytes": "0.0.7",
        "@uppy/informer": "^1.5.7",
        "@uppy/provider-views": "^1.6.8",
        "@uppy/status-bar": "^1.7.0",
        "@uppy/thumbnail-generator": "^1.6.2",
        "@uppy/utils": "^3.1.0",
        "classnames": "^2.2.6",
        "cuid": "^2.1.1",
        "is-shallow-equal": "^1.0.1",
        "lodash.debounce": "^4.0.8",
        "lodash.throttle": "^4.1.1",
        "memoize-one": "^5.0.4",
        "preact": "8.2.9",
        "preact-css-transition-group": "^1.3.0",
        "resize-observer-polyfill": "^1.5.0"
      }
    },
    "@uppy/informer": {
      "version": "1.5.7",
      "resolved": "https://registry.npmjs.org/@uppy/informer/-/informer-1.5.7.tgz",
      "integrity": "sha512-LHQZg4+52QB/87QzL5IvmncmBRrRm9wP0ruU12NHmiCEXmgTgsvAYDxx0iel2ent+K1k8sR+Y5gTamPyQsjxow==",
      "requires": {
        "@uppy/utils": "^3.1.0",
        "preact": "8.2.9"
      }
    },
    "@uppy/provider-views": {
      "version": "1.6.8",
      "resolved": "https://registry.npmjs.org/@uppy/provider-views/-/provider-views-1.6.8.tgz",
      "integrity": "sha512-DPnsiMOIgmkiWDlCAkOOjPbfnueiu4Op8efoEwJYiq2p4ALHoC1Am03AWFd1fm6ueOqC3Yg9ve0GAYtLgrIbiA==",
      "requires": {
        "@uppy/utils": "^3.1.0",
        "classnames": "^2.2.6",
        "preact": "8.2.9"
      }
    },
    "@uppy/status-bar": {
      "version": "1.7.0",
      "resolved": "https://registry.npmjs.org/@uppy/status-bar/-/status-bar-1.7.0.tgz",
      "integrity": "sha512-SzPVDC8STRytgl0/lvCQC1Fk3fkIIrQXZOSwkTxY/vsfEOzozAWE96Lke+wSLv6ZFK3ZGvvaFWoVe25Redi6YA==",
      "requires": {
        "@transloadit/prettier-bytes": "0.0.7",
        "@uppy/utils": "^3.1.0",
        "classnames": "^2.2.6",
        "lodash.throttle": "^4.1.1",
        "preact": "8.2.9"
      }
    },
    "@uppy/store-default": {
      "version": "1.2.1",
      "resolved": "https://registry.npmjs.org/@uppy/store-default/-/store-default-1.2.1.tgz",
      "integrity": "sha512-B7iKa9CMLTPgSu1lHQX+Z82NgxoBrzWfZg9WbZnvoJRHnoiwu8A3EFXPLq0OEslvJndBD4xPgUms0BPt4WbnWw=="
    },
    "@uppy/thumbnail-generator": {
      "version": "1.6.2",
      "resolved": "https://registry.npmjs.org/@uppy/thumbnail-generator/-/thumbnail-generator-1.6.2.tgz",
      "integrity": "sha512-xXh1cgHNXSAm492IpLQXTOLOFbzNZ6L7aAsKooTs5pbkB1p9XdqASIeZ6CkOyq2kBhlODvNLvfFw7O/wpRhz6A==",
      "requires": {
        "@uppy/utils": "^3.1.0",
        "exifr": "^5.0.2",
        "math-log2": "^1.0.1"
      }
    },
    "@uppy/utils": {
      "version": "3.1.0",
      "resolved": "https://registry.npmjs.org/@uppy/utils/-/utils-3.1.0.tgz",
      "integrity": "sha512-XmqN9cjXg4cyJBQrtBR7qbZH68B35iH53v5iFVU4j2Ge0/BsUNXd8ygl0nnPudFDibNrZALVLS6DJtEg42w1FA==",
      "requires": {
        "lodash.throttle": "^4.1.1"
      }
    },
    "@uppy/xhr-upload": {
      "version": "1.6.0",
      "resolved": "https://registry.npmjs.org/@uppy/xhr-upload/-/xhr-upload-1.6.0.tgz",
      "integrity": "sha512-72MAp3/S3hjP3JgbnHCH9JcDbvCiXEuYaikGiOQqTtBYfGYFLLZbmJs2yzZ/HHb4lQkN5rR7ScRFicQDY5AGTQ==",
      "requires": {
        "@uppy/companion-client": "^1.5.0",
        "@uppy/utils": "^3.1.0",
        "cuid": "^2.1.1"
      }
    },
    "classnames": {
      "version": "2.2.6",
      "resolved": "https://registry.npmjs.org/classnames/-/classnames-2.2.6.tgz",
      "integrity": "sha512-JR/iSQOSt+LQIWwrwEzJ9uk0xfN3mTVYMwt1Ir5mUcSN6pU+V4zQFFaJsclJbPuAUQH+yfWef6tm7l1quW3C8Q=="
    },
    "cuid": {
      "version": "2.1.8",
      "resolved": "https://registry.npmjs.org/cuid/-/cuid-2.1.8.tgz",
      "integrity": "sha512-xiEMER6E7TlTPnDxrM4eRiC6TRgjNX9xzEZ5U/Se2YJKr7Mq4pJn/2XEHjl3STcSh96GmkHPcBXLES8M29wyyg=="
    },
    "exifr": {
      "version": "5.0.2",
      "resolved": "https://registry.npmjs.org/exifr/-/exifr-5.0.2.tgz",
      "integrity": "sha512-1I0R3CtoyVcFhMhg5VQwkJzvwiDd2vNHoH8dCu0aOPptBKKjgnzsA+JNnwQ3kyoRzdZoCixZFwe2oOSx9MQNqA=="
    },
    "is-shallow-equal": {
      "version": "1.0.1",
      "resolved": "https://registry.npmjs.org/is-shallow-equal/-/is-shallow-equal-1.0.1.tgz",
      "integrity": "sha512-lq5RvK+85Hs5J3p4oA4256M1FEffzmI533ikeDHvJd42nouRRx5wBzt36JuviiGe5dIPyHON/d0/Up+PBo6XkQ=="
    },
    "lodash.debounce": {
      "version": "4.0.8",
      "resolved": "https://registry.npmjs.org/lodash.debounce/-/lodash.debounce-4.0.8.tgz",
      "integrity": "sha1-gteb/zCmfEAF/9XiUVMArZyk168="
    },
    "lodash.throttle": {
      "version": "4.1.1",
      "resolved": "https://registry.npmjs.org/lodash.throttle/-/lodash.throttle-4.1.1.tgz",
      "integrity": "sha1-wj6RtxAkKscMN/HhzaknTMOb8vQ="
    },
    "math-log2": {
      "version": "1.0.1",
      "resolved": "https://registry.npmjs.org/math-log2/-/math-log2-1.0.1.tgz",
      "integrity": "sha1-+4lBvl9evol55xjmJzsXjlhpRWU="
    },
    "memoize-one": {
      "version": "5.1.1",
      "resolved": "https://registry.npmjs.org/memoize-one/-/memoize-one-5.1.1.tgz",
      "integrity": "sha512-HKeeBpWvqiVJD57ZUAsJNm71eHTykffzcLZVYWiVfQeI1rJtuEaS7hQiEpWfVVk18donPwJEcFKIkCmPJNOhHA=="
    },
    "mime-match": {
      "version": "1.0.2",
      "resolved": "https://registry.npmjs.org/mime-match/-/mime-match-1.0.2.tgz",
      "integrity": "sha1-P4fDHprxpf1IX7nbE0Qosju7e6g=",
      "requires": {
        "wildcard": "^1.1.0"
      }
    },
    "namespace-emitter": {
      "version": "2.0.1",
      "resolved": "https://registry.npmjs.org/namespace-emitter/-/namespace-emitter-2.0.1.tgz",
      "integrity": "sha512-N/sMKHniSDJBjfrkbS/tpkPj4RAbvW3mr8UAzvlMHyun93XEm83IAvhWtJVHo+RHn/oO8Job5YN4b+wRjSVp5g=="
    },
    "preact": {
      "version": "8.2.9",
      "resolved": "https://registry.npmjs.org/preact/-/preact-8.2.9.tgz",
      "integrity": "sha512-ThuGXBmJS3VsT+jIP+eQufD3L8pRw/PY3FoCys6O9Pu6aF12Pn9zAJDX99TfwRAFOCEKm/P0lwiPTbqKMJp0fA=="
    },
    "preact-css-transition-group": {
      "version": "1.3.0",
      "resolved": "https://registry.npmjs.org/preact-css-transition-group/-/preact-css-transition-group-1.3.0.tgz",
      "integrity": "sha1-Bv5Giyb3gC6VuCmnYtsLwZmu85k="
    },
    "qs-stringify": {
      "version": "1.2.1",
      "resolved": "https://registry.npmjs.org/qs-stringify/-/qs-stringify-1.2.1.tgz",
      "integrity": "sha512-2N5xGLGZUxpgAYq1fD1LmBSCbxQVsXYt5JU0nU3FuPWO8PlCnKNFQwXkZgyB6mrTdg7IbexX4wxIR403dJw9pw=="
    },
    "querystringify": {
      "version": "2.1.1",
      "resolved": "https://registry.npmjs.org/querystringify/-/querystringify-2.1.1.tgz",
      "integrity": "sha512-w7fLxIRCRT7U8Qu53jQnJyPkYZIaR4n5151KMfcJlO/A9397Wxb1amJvROTK6TOnp7PfoAmg/qXiNHI+08jRfA=="
    },
    "requires-port": {
      "version": "1.0.0",
      "resolved": "https://registry.npmjs.org/requires-port/-/requires-port-1.0.0.tgz",
      "integrity": "sha1-kl0mAdOaxIXgkc8NpcbmlNw9yv8="
    },
    "resize-observer-polyfill": {
      "version": "1.5.1",
      "resolved": "https://registry.npmjs.org/resize-observer-polyfill/-/resize-observer-polyfill-1.5.1.tgz",
      "integrity": "sha512-LwZrotdHOo12nQuZlHEmtuXdqGoOD0OhaxopaNFxWzInpEgaLWoVuAMbTzixuosCx2nEG58ngzW3vxdWoxIgdg=="
    },
    "url-parse": {
      "version": "1.4.7",
      "resolved": "https://registry.npmjs.org/url-parse/-/url-parse-1.4.7.tgz",
      "integrity": "sha512-d3uaVyzDB9tQoSXFvuSUNFibTd9zxd2bkVrDRvF5TmvWWQwqE4lgYJ5m+x1DbecWkw+LK4RNl2CU1hHuOKPVlg==",
      "requires": {
        "querystringify": "^2.1.1",
        "requires-port": "^1.0.0"
      }
    },
    "wildcard": {
      "version": "1.1.2",
      "resolved": "https://registry.npmjs.org/wildcard/-/wildcard-1.1.2.tgz",
      "integrity": "sha1-pwIEUwhNjNLv5wup02liY94XEKU="
    }
  }
}
