{
  "name": "fr-android-index",
  "version": "1.0.0",
  "lockfileVersion": 1,
  "requires": true,
  "dependencies": {
    "basic-ftp": {
      "version": "4.6.1",
      "resolved": "https://registry.npmjs.org/basic-ftp/-/basic-ftp-4.6.1.tgz",
      "integrity": "sha512-AQCPoJ7ttHFnsixu30/DfHEsjEWomRDAahUNBJpnIVUb7GanzM3ZdHLrlC9h9X9TmR3zI6FjW+j61ggQbxXyag=="
    },
    "node-fetch": {
      "version": "2.6.0",
      "resolved": "https://registry.npmjs.org/node-fetch/-/node-fetch-2.6.0.tgz",
      "integrity": "sha512-8dG4H5ujfvFiqDmVu9fQ5bOHUC15JMjMY/Zumv26oOvvVJjM67KF8koCWIabKQ1GJIa9r2mMZscBq/TbdOcmNA=="
    }
  }
}
